
Microsoft Visual Studio Solution File, Format Version 12.00
# Visual Studio Version 17
VisualStudioVersion = 17.10.35013.160
MinimumVisualStudioVersion = 10.0.40219.1
Project("{FAE04EC0-301F-11D3-BF4B-00C04F79EFBC}") = "Pet-project", "Pet-project\Pet-project.csproj", "{5FA95AEA-AA84-4B68-9FB5-D2ED77CA4321}"
EndProject
Project("{FAE04EC0-301F-11D3-BF4B-00C04F79EFBC}") = "PetProjecAPI", "PetProjecAPI\PetProjecAPI.csproj", "{4E4EDAD4-764C-484F-9AA6-67C85768FB96}"
EndProject
Global
	GlobalSection(SolutionConfigurationPlatforms) = preSolution
		Debug|Any CPU = Debug|Any CPU
		Release|Any CPU = Release|Any CPU
	EndGlobalSection
	GlobalSection(ProjectConfigurationPlatforms) = postSolution
		{5FA95AEA-AA84-4B68-9FB5-D2ED77CA4321}.Debug|Any CPU.ActiveCfg = Debug|Any CPU
		{5FA95AEA-AA84-4B68-9FB5-D2ED77CA4321}.Debug|Any CPU.Build.0 = Debug|Any CPU
		{5FA95AEA-AA84-4B68-9FB5-D2ED77CA4321}.Release|Any CPU.ActiveCfg = Release|Any CPU
		{5FA95AEA-AA84-4B68-9FB5-D2ED77CA4321}.Release|Any CPU.Build.0 = Release|Any CPU
		{4E4EDAD4-764C-484F-9AA6-67C85768FB96}.Debug|Any CPU.ActiveCfg = Debug|Any CPU
		{4E4EDAD4-764C-484F-9AA6-67C85768FB96}.Debug|Any CPU.Build.0 = Debug|Any CPU
		{4E4EDAD4-764C-484F-9AA6-67C85768FB96}.Release|Any CPU.ActiveCfg = Release|Any CPU
		{4E4EDAD4-764C-484F-9AA6-67C85768FB96}.Release|Any CPU.Build.0 = Release|Any CPU
	EndGlobalSection
	GlobalSection(SolutionProperties) = preSolution
		HideSolutionNode = FALSE
	EndGlobalSection
	GlobalSection(ExtensibilityGlobals) = postSolution
		SolutionGuid = {E49C3AC4-8762-429B-872D-350B1F604F1F}
	EndGlobalSection
EndGlobal
