
Microsoft Visual Studio Solution File, Format Version 12.00
# Visual Studio Version 17
VisualStudioVersion = 17.10.35013.160
MinimumVisualStudioVersion = 10.0.40219.1
Project("{9A19103F-16F7-4668-BE54-9A1E7A4F7556}") = "API", "API\API.csproj", "{4E4EDAD4-764C-484F-9AA6-67C85768FB96}"
EndProject
Project("{E24C65DC-7377-472B-9ABA-BC803B73C61A}") = "petprojectweb", "petprojectweb\", "{2540E60F-C5FC-4250-BD15-06B75EE5CE91}"
	ProjectSection(WebsiteProperties) = preProject
		TargetFrameworkMoniker = ".NETFramework,Version%3Dv4.0"
		Debug.AspNetCompiler.VirtualPath = "/localhost_58227"
		Debug.AspNetCompiler.PhysicalPath = "petprojectweb\"
		Debug.AspNetCompiler.TargetPath = "PrecompiledWeb\localhost_58227\"
		Debug.AspNetCompiler.Updateable = "true"
		Debug.AspNetCompiler.ForceOverwrite = "true"
		Debug.AspNetCompiler.FixedNames = "false"
		Debug.AspNetCompiler.Debug = "True"
		Release.AspNetCompiler.VirtualPath = "/localhost_58227"
		Release.AspNetCompiler.PhysicalPath = "petprojectweb\"
		Release.AspNetCompiler.TargetPath = "PrecompiledWeb\localhost_58227\"
		Release.AspNetCompiler.Updateable = "true"
		Release.AspNetCompiler.ForceOverwrite = "true"
		Release.AspNetCompiler.FixedNames = "false"
		Release.AspNetCompiler.Debug = "False"
		VWDPort = "58227"
		SlnRelativePath = "petprojectweb\"
	EndProjectSection
EndProject
Project("{FAE04EC0-301F-11D3-BF4B-00C04F79EFBC}") = "Data", "Data\Data.csproj", "{AE9E795C-88F4-4FDA-A82C-AE5511363AD9}"
EndProject
Project("{FAE04EC0-301F-11D3-BF4B-00C04F79EFBC}") = "Domain", "Domain\Domain.csproj", "{E0E56942-FAD6-4BA7-B95E-AAEFCF7FE981}"
EndProject
Project("{FAE04EC0-301F-11D3-BF4B-00C04F79EFBC}") = "Infrastructure", "Infrastructure\Infrastructure.csproj", "{4AD74A1F-DDA3-411F-9E9C-730D99DA003A}"
EndProject
Global
	GlobalSection(SolutionConfigurationPlatforms) = preSolution
		Debug|Any CPU = Debug|Any CPU
		Release|Any CPU = Release|Any CPU
	EndGlobalSection
	GlobalSection(ProjectConfigurationPlatforms) = postSolution
		{4E4EDAD4-764C-484F-9AA6-67C85768FB96}.Debug|Any CPU.ActiveCfg = Debug|Any CPU
		{4E4EDAD4-764C-484F-9AA6-67C85768FB96}.Debug|Any CPU.Build.0 = Debug|Any CPU
		{4E4EDAD4-764C-484F-9AA6-67C85768FB96}.Release|Any CPU.ActiveCfg = Release|Any CPU
		{4E4EDAD4-764C-484F-9AA6-67C85768FB96}.Release|Any CPU.Build.0 = Release|Any CPU
		{2540E60F-C5FC-4250-BD15-06B75EE5CE91}.Debug|Any CPU.ActiveCfg = Debug|Any CPU
		{2540E60F-C5FC-4250-BD15-06B75EE5CE91}.Release|Any CPU.ActiveCfg = Debug|Any CPU
		{2540E60F-C5FC-4250-BD15-06B75EE5CE91}.Release|Any CPU.Build.0 = Debug|Any CPU
		{AE9E795C-88F4-4FDA-A82C-AE5511363AD9}.Debug|Any CPU.ActiveCfg = Debug|Any CPU
		{AE9E795C-88F4-4FDA-A82C-AE5511363AD9}.Debug|Any CPU.Build.0 = Debug|Any CPU
		{AE9E795C-88F4-4FDA-A82C-AE5511363AD9}.Release|Any CPU.ActiveCfg = Release|Any CPU
		{AE9E795C-88F4-4FDA-A82C-AE5511363AD9}.Release|Any CPU.Build.0 = Release|Any CPU
		{E0E56942-FAD6-4BA7-B95E-AAEFCF7FE981}.Debug|Any CPU.ActiveCfg = Debug|Any CPU
		{E0E56942-FAD6-4BA7-B95E-AAEFCF7FE981}.Debug|Any CPU.Build.0 = Debug|Any CPU
		{E0E56942-FAD6-4BA7-B95E-AAEFCF7FE981}.Release|Any CPU.ActiveCfg = Release|Any CPU
		{E0E56942-FAD6-4BA7-B95E-AAEFCF7FE981}.Release|Any CPU.Build.0 = Release|Any CPU
		{4AD74A1F-DDA3-411F-9E9C-730D99DA003A}.Debug|Any CPU.ActiveCfg = Debug|Any CPU
		{4AD74A1F-DDA3-411F-9E9C-730D99DA003A}.Debug|Any CPU.Build.0 = Debug|Any CPU
		{4AD74A1F-DDA3-411F-9E9C-730D99DA003A}.Release|Any CPU.ActiveCfg = Release|Any CPU
		{4AD74A1F-DDA3-411F-9E9C-730D99DA003A}.Release|Any CPU.Build.0 = Release|Any CPU
	EndGlobalSection
	GlobalSection(SolutionProperties) = preSolution
		HideSolutionNode = FALSE
	EndGlobalSection
	GlobalSection(ExtensibilityGlobals) = postSolution
		SolutionGuid = {E49C3AC4-8762-429B-872D-350B1F604F1F}
	EndGlobalSection
EndGlobal
